# Generated by `ale kit lock`. Do not edit.
#
# Task manifests reference kits by name; this file pins what those names
# resolved to, and the hashes land in every run's provenance record.
kits:
- content_hash: sha256:c51ea9ce7cc8ad9fc27776a477cbeff02bc19e815e0c47ddabdb95f74069aa56
  name: example-kit
  package: example_kit
  python_min: '3.8'
  runtime: stdlib
schema_version: 1
